// !$*UTF8*$!
{
	archiveVersion = 1;
	classes = {
	};
	objectVersion = 46;
	objects = {

/* Begin PBXBuildFile section */
		10FB695D1EFB1C5300E2F37D /* AppDelegate.m in Sources */ = {isa = PBXBuildFile; fileRef = 10FB695C1EFB1C5300E2F37D /* AppDelegate.m */; };
		10FB69601EFB1C5300E2F37D /* main.m in Sources */ = {isa = PBXBuildFile; fileRef = 10FB695F1EFB1C5300E2F37D /* main.m */; };
		10FB69631EFB1C5300E2F37D /* ViewController.m in Sources */ = {isa = PBXBuildFile; fileRef = 10FB69621EFB1C5300E2F37D /* ViewController.m */; };
		10FB69651EFB1C5300E2F37D /* Assets.xcassets in Resources */ = {isa = PBXBuildFile; fileRef = 10FB69641EFB1C5300E2F37D /* Assets.xcassets */; };
		10FB69681EFB1C5300E2F37D /* Main.storyboard in Resources */ = {isa = PBXBuildFile; fileRef = 10FB69661EFB1C5300E2F37D /* Main.storyboard */; };
/* End PBXBuildFile section */

/* Begin PBXFileReference section */
		10FB69581EFB1C5300E2F37D /* Step-to-Talk.app */ = {isa = PBXFileReference; explicitFileType = wrapper.application; includeInIndex = 0; path = "Step-to-Talk.app"; sourceTree = BUILT_PRODUCTS_DIR; };
		10FB695B1EFB1C5300E2F37D /* AppDelegate.h */ = {isa = PBXFileReference; lastKnownFileType = sourcecode.c.h; path = AppDelegate.h; sourceTree = "<group>"; };
		10FB695C1EFB1C5300E2F37D /* AppDelegate.m */ = {isa = PBXFileReference; lastKnownFileType = sourcecode.c.objc; path = AppDelegate.m; sourceTree = "<group>"; };
		10FB695F1EFB1C5300E2F37D /* main.m */ = {isa = PBXFileReference; lastKnownFileType = sourcecode.c.objc; path = main.m; sourceTree = "<group>"; };
		10FB69611EFB1C5300E2F37D /* ViewController.h */ = {isa = PBXFileReference; lastKnownFileType = sourcecode.c.h; path = ViewController.h; sourceTree = "<group>"; };
		10FB69621EFB1C5300E2F37D /* ViewController.m */ = {isa = PBXFileReference; lastKnownFileType = sourcecode.c.objc; path = ViewController.m; sourceTree = "<group>"; };
		10FB69641EFB1C5300E2F37D /* Assets.xcassets */ = {isa = PBXFileReference; lastKnownFileType = folder.assetcatalog; path = Assets.xcassets; sourceTree = "<group>"; };
		10FB69671EFB1C5300E2F37D /* Base */ = {isa = PBXFileReference; lastKnownFileType = file.storyboard; name = Base; path = Base.lproj/Main.storyboard; sourceTree = "<group>"; };
		10FB69691EFB1C5300E2F37D /* Info.plist */ = {isa = PBXFileReference; lastKnownFileType = text.plist.xml; path = Info.plist; sourceTree = "<group>"; };
/* End PBXFileReference section */

/* Begin PBXFrameworksBuildPhase section */
		10FB69551EFB1C5300E2F37D /* Frameworks */ = {
			isa = PBXFrameworksBuildPhase;
			buildActionMask = 2147483647;
			files = (
			);
			runOnlyForDeploymentPostprocessing = 0;
		};
/* End PBXFrameworksBuildPhase section */

/* Begin PBXGroup section */
		10FB694F1EFB1C5300E2F37D = {
			isa = PBXGroup;
			children = (
				10FB695A1EFB1C5300E2F37D /* Step-to-Talk */,
				10FB69591EFB1C5300E2F37D /* Products */,
			);
			sourceTree = "<group>";
		};
		10FB69591EFB1C5300E2F37D /* Products */ = {
			isa = PBXGroup;
			children = (
				10FB69581EFB1C5300E2F37D /* Step-to-Talk.app */,
			);
			name = Products;
			sourceTree = "<group>";
		};
		10FB695A1EFB1C5300E2F37D /* Step-to-Talk */ = {
			isa = PBXGroup;
			children = (
				10FB695B1EFB1C5300E2F37D /* AppDelegate.h */,
				10FB695C1EFB1C5300E2F37D /* AppDelegate.m */,
				10FB69611EFB1C5300E2F37D /* ViewController.h */,
				10FB69621EFB1C5300E2F37D /* ViewController.m */,
				10FB69641EFB1C5300E2F37D /* Assets.xcassets */,
				10FB69661EFB1C5300E2F37D /* Main.storyboard */,
				10FB69691EFB1C5300E2F37D /* Info.plist */,
				10FB695E1EFB1C5300E2F37D /* Supporting Files */,
			);
			path = "Step-to-Talk";
			sourceTree = "<group>";
		};
		10FB695E1EFB1C5300E2F37D /* Supporting Files */ = {
			isa = PBXGroup;
			children = (
				10FB695F1EFB1C5300E2F37D /* main.m */,
			);
			name = "Supporting Files";
			sourceTree = "<group>";
		};
/* End PBXGroup section */

/* Begin PBXNativeTarget section */
		10FB69571EFB1C5300E2F37D /* Step-to-Talk */ = {
			isa = PBXNativeTarget;
			buildConfigurationList = 10FB696C1EFB1C5300E2F37D /* Build configuration list for PBXNativeTarget "Step-to-Talk" */;
			buildPhases = (
				10FB69541EFB1C5300E2F37D /* Sources */,
				10FB69551EFB1C5300E2F37D /* Frameworks */,
				10FB69561EFB1C5300E2F37D /* Resources */,
			);
			buildRules = (
			);
			dependencies = (
			);
			name = "Step-to-Talk";
			productName = "Step-to-Talk";
			productReference = 10FB69581EFB1C5300E2F37D /* Step-to-Talk.app */;
			productType = "com.apple.product-type.application";
		};
/* End PBXNativeTarget section */

/* Begin PBXProject section */
		10FB69501EFB1C5300E2F37D /* Project object */ = {
			isa = PBXProject;
			attributes = {
				LastUpgradeCheck = 0830;
				ORGANIZATIONNAME = "Yellow Leaf Technology";
				TargetAttributes = {
					10FB69571EFB1C5300E2F37D = {
						CreatedOnToolsVersion = 8.3.3;
						DevelopmentTeam = WGDA8N53XV;
						ProvisioningStyle = Automatic;
					};
				};
			};
			buildConfigurationList = 10FB69531EFB1C5300E2F37D /* Build configuration list for PBXProject "Step-to-Talk" */;
			compatibilityVersion = "Xcode 3.2";
			developmentRegion = English;
			hasScannedForEncodings = 0;
			knownRegions = (
				en,
				Base,
			);
			mainGroup = 10FB694F1EFB1C5300E2F37D;
			productRefGroup = 10FB69591EFB1C5300E2F37D /* Products */;
			projectDirPath = "";
			projectRoot = "";
			targets = (
				10FB69571EFB1C5300E2F37D /* Step-to-Talk */,
			);
		};
/* End PBXProject section */

/* Begin PBXResourcesBuildPhase section */
		10FB69561EFB1C5300E2F37D /* Resources */ = {
			isa = PBXResourcesBuildPhase;
			buildActionMask = 2147483647;
			files = (
				10FB69651EFB1C5300E2F37D /* Assets.xcassets in Resources */,
				10FB69681EFB1C5300E2F37D /* Main.storyboard in Resources */,
			);
			runOnlyForDeploymentPostprocessing = 0;
		};
/* End PBXResourcesBuildPhase section */

/* Begin PBXSourcesBuildPhase section */
		10FB69541EFB1C5300E2F37D /* Sources */ = {
			isa = PBXSourcesBuildPhase;
			buildActionMask = 2147483647;
			files = (
				10FB69631EFB1C5300E2F37D /* ViewController.m in Sources */,
				10FB69601EFB1C5300E2F37D /* main.m in Sources */,
				10FB695D1EFB1C5300E2F37D /* AppDelegate.m in Sources */,
			);
			runOnlyForDeploymentPostprocessing = 0;
		};
/* End PBXSourcesBuildPhase section */

/* Begin PBXVariantGroup section */
		10FB69661EFB1C5300E2F37D /* Main.storyboard */ = {
			isa = PBXVariantGroup;
			children = (
				10FB69671EFB1C5300E2F37D /* Base */,
			);
			name = Main.storyboard;
			sourceTree = "<group>";
		};
/* End PBXVariantGroup section */

/* Begin XCBuildConfiguration section */
		10FB696A1EFB1C5300E2F37D /* Debug */ = {
			isa = XCBuildConfiguration;
			buildSettings = {
				ALWAYS_SEARCH_USER_PATHS = NO;
				CLANG_ANALYZER_NONNULL = YES;
				CLANG_ANALYZER_NUMBER_OBJECT_CONVERSION = YES_AGGRESSIVE;
				CLANG_CXX_LANGUAGE_STANDARD = "gnu++0x";
				CLANG_CXX_LIBRARY = "libc++";
				CLANG_ENABLE_MODULES = YES;
				CLANG_ENABLE_OBJC_ARC = YES;
				CLANG_WARN_BOOL_CONVERSION = YES;
				CLANG_WARN_CONSTANT_CONVERSION = YES;
				CLANG_WARN_DIRECT_OBJC_ISA_USAGE = YES_ERROR;
				CLANG_WARN_DOCUMENTATION_COMMENTS = YES;
				CLANG_WARN_EMPTY_BODY = YES;
				CLANG_WARN_ENUM_CONVERSION = YES;
				CLANG_WARN_INFINITE_RECURSION = YES;
				CLANG_WARN_INT_CONVERSION = YES;
				CLANG_WARN_OBJC_ROOT_CLASS = YES_ERROR;
				CLANG_WARN_SUSPICIOUS_MOVE = YES;
				CLANG_WARN_UNREACHABLE_CODE = YES;
				CLANG_WARN__DUPLICATE_METHOD_MATCH = YES;
				CODE_SIGN_IDENTITY = "-";
				COPY_PHASE_STRIP = NO;
				DEBUG_INFORMATION_FORMAT = dwarf;
				ENABLE_STRICT_OBJC_MSGSEND = YES;
				ENABLE_TESTABILITY = YES;
				GCC_C_LANGUAGE_STANDARD = gnu99;
				GCC_DYNAMIC_NO_PIC = NO;
				GCC_NO_COMMON_BLOCKS = YES;
				GCC_OPTIMIZATION_LEVEL = 0;
				GCC_PREPROCESSOR_DEFINITIONS = (
					"DEBUG=1",
					"$(inherited)",
				);
				GCC_WARN_64_TO_32_BIT_CONVERSION = YES;
				GCC_WARN_ABOUT_RETURN_TYPE = YES_ERROR;
				GCC_WARN_UNDECLARED_SELECTOR = YES;
				GCC_WARN_UNINITIALIZED_AUTOS = YES_AGGRESSIVE;
				GCC_WARN_UNUSED_FUNCTION = YES;
				GCC_WARN_UNUSED_VARIABLE = YES;
				MACOSX_DEPLOYMENT_TARGET = 10.12;
				MTL_ENABLE_DEBUG_INFO = YES;
				ONLY_ACTIVE_ARCH = YES;
				SDKROOT = macosx;
			};
			name = Debug;
		};
		10FB696B1EFB1C5300E2F37D /* Release */ = {
			isa = XCBuildConfiguration;
			buildSettings = {
				ALWAYS_SEARCH_USER_PATHS = NO;
				CLANG_ANALYZER_NONNULL = YES;
				CLANG_ANALYZER_NUMBER_OBJECT_CONVERSION = YES_AGGRESSIVE;
				CLANG_CXX_LANGUAGE_STANDARD = "gnu++0x";
				CLANG_CXX_LIBRARY = "libc++";
				CLANG_ENABLE_MODULES = YES;
				CLANG_ENABLE_OBJC_ARC = YES;
				CLANG_WARN_BOOL_CONVERSION = YES;
				CLANG_WARN_CONSTANT_CONVERSION = YES;
				CLANG_WARN_DIRECT_OBJC_ISA_USAGE = YES_ERROR;
				CLANG_WARN_DOCUMENTATION_COMMENTS = YES;
				CLANG_WARN_EMPTY_BODY = YES;
				CLANG_WARN_ENUM_CONVERSION = YES;
				CLANG_WARN_INFINITE_RECURSION = YES;
				CLANG_WARN_INT_CONVERSION = YES;
				CLANG_WARN_OBJC_ROOT_CLASS = YES_ERROR;
				CLANG_WARN_SUSPICIOUS_MOVE = YES;
				CLANG_WARN_UNREACHABLE_CODE = YES;
				CLANG_WARN__DUPLICATE_METHOD_MATCH = YES;
				CODE_SIGN_IDENTITY = "-";
				COPY_PHASE_STRIP = NO;
				DEBUG_INFORMATION_FORMAT = "dwarf-with-dsym";
				ENABLE_NS_ASSERTIONS = NO;
				ENABLE_STRICT_OBJC_MSGSEND = YES;
				GCC_C_LANGUAGE_STANDARD = gnu99;
				GCC_NO_COMMON_BLOCKS = YES;
				GCC_WARN_64_TO_32_BIT_CONVERSION = YES;
				GCC_WARN_ABOUT_RETURN_TYPE = YES_ERROR;
				GCC_WARN_UNDECLARED_SELECTOR = YES;
				GCC_WARN_UNINITIALIZED_AUTOS = YES_AGGRESSIVE;
				GCC_WARN_UNUSED_FUNCTION = YES;
				GCC_WARN_UNUSED_VARIABLE = YES;
				MACOSX_DEPLOYMENT_TARGET = 10.12;
				MTL_ENABLE_DEBUG_INFO = NO;
				SDKROOT = macosx;
			};
			name = Release;
		};
		10FB696D1EFB1C5300E2F37D /* Debug */ = {
			isa = XCBuildConfiguration;
			buildSettings = {
				ASSETCATALOG_COMPILER_APPICON_NAME = AppIcon;
				COMBINE_HIDPI_IMAGES = YES;
				DEVELOPMENT_TEAM = WGDA8N53XV;
				INFOPLIST_FILE = "Step-to-Talk/Info.plist";
				LD_RUNPATH_SEARCH_PATHS = "$(inherited) @executable_path/../Frameworks";
				PRODUCT_BUNDLE_IDENTIFIER = "tech.yellowleaf.Step-to-Talk";
				PRODUCT_NAME = "$(TARGET_NAME)";
			};
			name = Debug;
		};
		10FB696E1EFB1C5300E2F37D /* Release */ = {
			isa = XCBuildConfiguration;
			buildSettings = {
				ASSETCATALOG_COMPILER_APPICON_NAME = AppIcon;
				COMBINE_HIDPI_IMAGES = YES;
				DEVELOPMENT_TEAM = WGDA8N53XV;
				INFOPLIST_FILE = "Step-to-Talk/Info.plist";
				LD_RUNPATH_SEARCH_PATHS = "$(inherited) @executable_path/../Frameworks";
				PRODUCT_BUNDLE_IDENTIFIER = "tech.yellowleaf.Step-to-Talk";
				PRODUCT_NAME = "$(TARGET_NAME)";
			};
			name = Release;
		};
/* End XCBuildConfiguration section */

/* Begin XCConfigurationList section */
		10FB69531EFB1C5300E2F37D /* Build configuration list for PBXProject "Step-to-Talk" */ = {
			isa = XCConfigurationList;
			buildConfigurations = (
				10FB696A1EFB1C5300E2F37D /* Debug */,
				10FB696B1EFB1C5300E2F37D /* Release */,
			);
			defaultConfigurationIsVisible = 0;
			defaultConfigurationName = Release;
		};
		10FB696C1EFB1C5300E2F37D /* Build configuration list for PBXNativeTarget "Step-to-Talk" */ = {
			isa = XCConfigurationList;
			buildConfigurations = (
				10FB696D1EFB1C5300E2F37D /* Debug */,
				10FB696E1EFB1C5300E2F37D /* Release */,
			);
			defaultConfigurationIsVisible = 0;
		};
/* End XCConfigurationList section */
	};
	rootObject = 10FB69501EFB1C5300E2F37D /* Project object */;
}
